<?xml version="1.0" encoding="utf-8"?>
<Project ToolsVersion="4.0" xmlns="http://schemas.microsoft.com/developer/msbuild/2003">
  <ItemGroup>
    <ClCompile Include="main.cpp" />
    <ClCompile Include="Common.cpp" />
    <ClCompile Include="검색트리\BinarySearchTree.cpp">
      <Filter>검색트리</Filter>
    </ClCompile>
    <ClCompile Include="검색트리\RedBlackTree.cpp">
      <Filter>검색트리</Filter>
    </ClCompile>
    <ClCompile Include="검색트리\AVLTree.cpp">
      <Filter>검색트리</Filter>
    </ClCompile>
    <ClCompile Include="검색트리\BTree.cpp">
      <Filter>검색트리</Filter>
    </ClCompile>
    <ClCompile Include="해시테이블\HashTable.cpp">
      <Filter>해시테이블</Filter>
    </ClCompile>
    <ClCompile Include="해시테이블\HashTable_Chaining.cpp">
      <Filter>해시테이블</Filter>
    </ClCompile>
    <ClCompile Include="해시테이블\HashTable_OpenAddressing.cpp">
      <Filter>해시테이블</Filter>
    </ClCompile>
  </ItemGroup>
  <ItemGroup>
    <Filter Include="정렬">
      <UniqueIdentifier>{1c286948-54e1-4176-b110-abb9e0e9e15e}</UniqueIdentifier>
    </Filter>
    <Filter Include="선택">
      <UniqueIdentifier>{9e88cadd-39d2-4594-a283-de9d4e574007}</UniqueIdentifier>
    </Filter>
    <Filter Include="검색트리">
      <UniqueIdentifier>{57783ce5-661c-440a-b54d-1e8b0a28059e}</UniqueIdentifier>
    </Filter>
    <Filter Include="해시테이블">
      <UniqueIdentifier>{53bd8b0d-12a2-45fe-98ae-75dfbb6e5d2b}</UniqueIdentifier>
    </Filter>
  </ItemGroup>
  <ItemGroup>
    <ClInclude Include="Common.h" />
    <ClInclude Include="정렬\BubbleSort.hpp">
      <Filter>정렬</Filter>
    </ClInclude>
    <ClInclude Include="정렬\InsertionSort.hpp">
      <Filter>정렬</Filter>
    </ClInclude>
    <ClInclude Include="정렬\MergeSort.hpp">
      <Filter>정렬</Filter>
    </ClInclude>
    <ClInclude Include="정렬\QuickSort.hpp">
      <Filter>정렬</Filter>
    </ClInclude>
    <ClInclude Include="정렬\HeapSort.hpp">
      <Filter>정렬</Filter>
    </ClInclude>
    <ClInclude Include="선택\AvgNSelection.hpp">
      <Filter>선택</Filter>
    </ClInclude>
    <ClInclude Include="선택\LinearSelection.hpp">
      <Filter>선택</Filter>
    </ClInclude>
    <ClInclude Include="검색트리\BinarySearchTree.h">
      <Filter>검색트리</Filter>
    </ClInclude>
    <ClInclude Include="정렬\SelectionSort.hpp">
      <Filter>정렬</Filter>
    </ClInclude>
    <ClInclude Include="검색트리\RedBlackTree.h">
      <Filter>검색트리</Filter>
    </ClInclude>
    <ClInclude Include="검색트리\AVLTree.h">
      <Filter>검색트리</Filter>
    </ClInclude>
    <ClInclude Include="검색트리\BTree.h">
      <Filter>검색트리</Filter>
    </ClInclude>
    <ClInclude Include="해시테이블\HashTable.h">
      <Filter>해시테이블</Filter>
    </ClInclude>
    <ClInclude Include="해시테이블\HashTable_Chaining.h">
      <Filter>해시테이블</Filter>
    </ClInclude>
    <ClInclude Include="해시테이블\HashTable_OpenAddressing.h">
      <Filter>해시테이블</Filter>
    </ClInclude>
  </ItemGroup>
</Project>